// !$*UTF8*$!
{
	archiveVersion = 1;
	classes = {
	};
	objectVersion = 46;
	objects = {

/* Begin PBXBuildFile section */
		4007C89D1E4A32BA004D5E61 /* AppDelegate.swift in Sources */ = {isa = PBXBuildFile; fileRef = 4007C89C1E4A32BA004D5E61 /* AppDelegate.swift */; };
		4007C8A41E4A32BA004D5E61 /* Assets.xcassets in Resources */ = {isa = PBXBuildFile; fileRef = 4007C8A31E4A32BA004D5E61 /* Assets.xcassets */; };
		4007C8A71E4A32BA004D5E61 /* LaunchScreen.storyboard in Resources */ = {isa = PBXBuildFile; fileRef = 4007C8A51E4A32BA004D5E61 /* LaunchScreen.storyboard */; };
		4007C8B11E4A3539004D5E61 /* Model.xcdatamodeld in Sources */ = {isa = PBXBuildFile; fileRef = 4007C8AF1E4A3539004D5E61 /* Model.xcdatamodeld */; };
		4007C8B31E4A3556004D5E61 /* CoreDataManager.swift in Sources */ = {isa = PBXBuildFile; fileRef = 4007C8B21E4A3556004D5E61 /* CoreDataManager.swift */; };
		4007C8BF1E4A3B54004D5E61 /* Excursion+CoreDataClass.swift in Sources */ = {isa = PBXBuildFile; fileRef = 4007C8B51E4A3B54004D5E61 /* Excursion+CoreDataClass.swift */; };
		4007C8C01E4A3B54004D5E61 /* Excursion+CoreDataProperties.swift in Sources */ = {isa = PBXBuildFile; fileRef = 4007C8B61E4A3B54004D5E61 /* Excursion+CoreDataProperties.swift */; };
		4007C8C11E4A3B54004D5E61 /* News+CoreDataClass.swift in Sources */ = {isa = PBXBuildFile; fileRef = 4007C8B71E4A3B54004D5E61 /* News+CoreDataClass.swift */; };
		4007C8C21E4A3B54004D5E61 /* News+CoreDataProperties.swift in Sources */ = {isa = PBXBuildFile; fileRef = 4007C8B81E4A3B54004D5E61 /* News+CoreDataProperties.swift */; };
		4007C8C31E4A3B54004D5E61 /* Offer+CoreDataClass.swift in Sources */ = {isa = PBXBuildFile; fileRef = 4007C8B91E4A3B54004D5E61 /* Offer+CoreDataClass.swift */; };
		4007C8C41E4A3B54004D5E61 /* Offer+CoreDataProperties.swift in Sources */ = {isa = PBXBuildFile; fileRef = 4007C8BA1E4A3B54004D5E61 /* Offer+CoreDataProperties.swift */; };
		4007C8C51E4A3B54004D5E61 /* Service+CoreDataClass.swift in Sources */ = {isa = PBXBuildFile; fileRef = 4007C8BB1E4A3B54004D5E61 /* Service+CoreDataClass.swift */; };
		4007C8C61E4A3B54004D5E61 /* Service+CoreDataProperties.swift in Sources */ = {isa = PBXBuildFile; fileRef = 4007C8BC1E4A3B54004D5E61 /* Service+CoreDataProperties.swift */; };
		4007C8C71E4A3B54004D5E61 /* Notification+CoreDataClass.swift in Sources */ = {isa = PBXBuildFile; fileRef = 4007C8BD1E4A3B54004D5E61 /* Notification+CoreDataClass.swift */; };
		4007C8C81E4A3B54004D5E61 /* Notification+CoreDataProperties.swift in Sources */ = {isa = PBXBuildFile; fileRef = 4007C8BE1E4A3B54004D5E61 /* Notification+CoreDataProperties.swift */; };
		40E913451E4A3EEE0024A6FB /* DateExtensions.swift in Sources */ = {isa = PBXBuildFile; fileRef = 40E913441E4A3EEE0024A6FB /* DateExtensions.swift */; };
		40E9134A1E4A41760024A6FB /* NetworkManager.swift in Sources */ = {isa = PBXBuildFile; fileRef = 40E913491E4A41760024A6FB /* NetworkManager.swift */; };
		40E9134C1E4A43D60024A6FB /* Constants.swift in Sources */ = {isa = PBXBuildFile; fileRef = 40E9134B1E4A43D60024A6FB /* Constants.swift */; };
		471525ACA0388D2035B93B6F /* Pods_MechtaTests.framework in Frameworks */ = {isa = PBXBuildFile; fileRef = B712FE005635AACD994D7E34 /* Pods_MechtaTests.framework */; };
		B26F68F138F2427C9DE9AAFF /* Pods_Mechta.framework in Frameworks */ = {isa = PBXBuildFile; fileRef = 49077FB6B78400F0102966E0 /* Pods_Mechta.framework */; };
		DB0768C11E55C3350058185D /* TransportRouteSelectionFacade.swift in Sources */ = {isa = PBXBuildFile; fileRef = DB0768C01E55C3350058185D /* TransportRouteSelectionFacade.swift */; };
		DB0768C31E55C53F0058185D /* TransportNearestFacade.swift in Sources */ = {isa = PBXBuildFile; fileRef = DB0768C21E55C53F0058185D /* TransportNearestFacade.swift */; };
		DB0768C51E55C5500058185D /* TransportScheduleFacade.swift in Sources */ = {isa = PBXBuildFile; fileRef = DB0768C41E55C5500058185D /* TransportScheduleFacade.swift */; };
		DB0768C71E55C55C0058185D /* TransportMapFacade.swift in Sources */ = {isa = PBXBuildFile; fileRef = DB0768C61E55C55C0058185D /* TransportMapFacade.swift */; };
		DB081DF21E54170E003C38A9 /* TransportModel.swift in Sources */ = {isa = PBXBuildFile; fileRef = DB081DF11E54170E003C38A9 /* TransportModel.swift */; };
		DBB2ECCD1E4F9EF100034B8B /* NewsListViewController.swift in Sources */ = {isa = PBXBuildFile; fileRef = DBB2ECCB1E4F9EF100034B8B /* NewsListViewController.swift */; };
		DBB2ECCE1E4F9EF100034B8B /* NewsCell.swift in Sources */ = {isa = PBXBuildFile; fileRef = DBB2ECCC1E4F9EF100034B8B /* NewsCell.swift */; };
		DBB2ECD11E4F9F1A00034B8B /* OfferCell.swift in Sources */ = {isa = PBXBuildFile; fileRef = DBB2ECCF1E4F9F1A00034B8B /* OfferCell.swift */; };
		DBB2ECD21E4F9F1A00034B8B /* OfferListViewController.swift in Sources */ = {isa = PBXBuildFile; fileRef = DBB2ECD01E4F9F1A00034B8B /* OfferListViewController.swift */; };
		DBB2ECD51E4F9F3300034B8B /* ExcursionCell.swift in Sources */ = {isa = PBXBuildFile; fileRef = DBB2ECD31E4F9F3300034B8B /* ExcursionCell.swift */; };
		DBB2ECD61E4F9F3300034B8B /* ExcursionListViewController.swift in Sources */ = {isa = PBXBuildFile; fileRef = DBB2ECD41E4F9F3300034B8B /* ExcursionListViewController.swift */; };
		DBB2ECD91E4F9F6300034B8B /* NotificationCell.swift in Sources */ = {isa = PBXBuildFile; fileRef = DBB2ECD71E4F9F6300034B8B /* NotificationCell.swift */; };
		DBB2ECDA1E4F9F6300034B8B /* NotificationListViewController.swift in Sources */ = {isa = PBXBuildFile; fileRef = DBB2ECD81E4F9F6300034B8B /* NotificationListViewController.swift */; };
		DBB2ECDC1E4F9F7100034B8B /* ServiceCell.swift in Sources */ = {isa = PBXBuildFile; fileRef = DBB2ECDB1E4F9F7100034B8B /* ServiceCell.swift */; };
		DBB2ECDF1E4FA8D900034B8B /* Menu.storyboard in Resources */ = {isa = PBXBuildFile; fileRef = DBB2ECDE1E4FA8D900034B8B /* Menu.storyboard */; };
		DBB2ECE41E4FA8E500034B8B /* SideMenuCoordinatorViewController.swift in Sources */ = {isa = PBXBuildFile; fileRef = DBB2ECE01E4FA8E500034B8B /* SideMenuCoordinatorViewController.swift */; };
		DBB2ECE51E4FA8E500034B8B /* SideMenuItemsViewController.swift in Sources */ = {isa = PBXBuildFile; fileRef = DBB2ECE11E4FA8E500034B8B /* SideMenuItemsViewController.swift */; };
		DBB2ECE61E4FA8E500034B8B /* MenuItemCell.swift in Sources */ = {isa = PBXBuildFile; fileRef = DBB2ECE21E4FA8E500034B8B /* MenuItemCell.swift */; };
		DBB2ECE71E4FA8E500034B8B /* MenuItem.swift in Sources */ = {isa = PBXBuildFile; fileRef = DBB2ECE31E4FA8E500034B8B /* MenuItem.swift */; };
		DBB2ECE91E4FA98100034B8B /* ImageViewWebExtension.swift in Sources */ = {isa = PBXBuildFile; fileRef = DBB2ECE81E4FA98100034B8B /* ImageViewWebExtension.swift */; };
		DBB2ECEB1E4FA98700034B8B /* PagingViewController.swift in Sources */ = {isa = PBXBuildFile; fileRef = DBB2ECEA1E4FA98700034B8B /* PagingViewController.swift */; };
		DBB2ECEF1E4FA99000034B8B /* TableViewBackgroundsExtension.swift in Sources */ = {isa = PBXBuildFile; fileRef = DBB2ECEC1E4FA99000034B8B /* TableViewBackgroundsExtension.swift */; };
		DBB2ECF01E4FA99000034B8B /* TableViewMessageBackgroundView.swift in Sources */ = {isa = PBXBuildFile; fileRef = DBB2ECED1E4FA99000034B8B /* TableViewMessageBackgroundView.swift */; };
		DBB2ECF11E4FA99000034B8B /* TableViewBackgrounds.xib in Resources */ = {isa = PBXBuildFile; fileRef = DBB2ECEE1E4FA99000034B8B /* TableViewBackgrounds.xib */; };
		DBB2ECF41E4FA9BA00034B8B /* Style.swift in Sources */ = {isa = PBXBuildFile; fileRef = DBB2ECF31E4FA9BA00034B8B /* Style.swift */; };
		DBB2ECF71E4FA9DA00034B8B /* ColorExtension.swift in Sources */ = {isa = PBXBuildFile; fileRef = DBB2ECF51E4FA9DA00034B8B /* ColorExtension.swift */; };
		DBB2ECF81E4FA9DA00034B8B /* TableViewControllerExtension.swift in Sources */ = {isa = PBXBuildFile; fileRef = DBB2ECF61E4FA9DA00034B8B /* TableViewControllerExtension.swift */; };
		DBB2ECFA1E4FAA2200034B8B /* NewsPagingViewController.swift in Sources */ = {isa = PBXBuildFile; fileRef = DBB2ECF91E4FAA2200034B8B /* NewsPagingViewController.swift */; };
		DBB2ECFC1E4FAA2B00034B8B /* News.storyboard in Resources */ = {isa = PBXBuildFile; fileRef = DBB2ECFB1E4FAA2B00034B8B /* News.storyboard */; };
		DBB2ED001E4FAA5400034B8B /* ServicesPagingController.swift in Sources */ = {isa = PBXBuildFile; fileRef = DBB2ECFD1E4FAA5400034B8B /* ServicesPagingController.swift */; };
		DBB2ED011E4FAA5400034B8B /* ServiceListViewController.swift in Sources */ = {isa = PBXBuildFile; fileRef = DBB2ECFE1E4FAA5400034B8B /* ServiceListViewController.swift */; };
		DBB2ED021E4FAA5400034B8B /* Services.storyboard in Resources */ = {isa = PBXBuildFile; fileRef = DBB2ECFF1E4FAA5400034B8B /* Services.storyboard */; };
		DBB2ED041E4FABAE00034B8B /* Notifications.storyboard in Resources */ = {isa = PBXBuildFile; fileRef = DBB2ED031E4FABAE00034B8B /* Notifications.storyboard */; };
		DBBBE7981E5395620072961A /* BusStop+CoreDataProperties.swift in Sources */ = {isa = PBXBuildFile; fileRef = DBBBE7941E5395620072961A /* BusStop+CoreDataProperties.swift */; };
		DBBBE79C1E5396460072961A /* BusRouteFlightStop+CoreDataProperties.swift in Sources */ = {isa = PBXBuildFile; fileRef = DBBBE7991E5396460072961A /* BusRouteFlightStop+CoreDataProperties.swift */; };
		DBBBE79D1E5396460072961A /* BusRoute+CoreDataProperties.swift in Sources */ = {isa = PBXBuildFile; fileRef = DBBBE79A1E5396460072961A /* BusRoute+CoreDataProperties.swift */; };
		DBBBE79E1E5396460072961A /* BusRouteFlight+CoreDataProperties.swift in Sources */ = {isa = PBXBuildFile; fileRef = DBBBE79B1E5396460072961A /* BusRouteFlight+CoreDataProperties.swift */; };
		DBBBE7A21E5396A10072961A /* BusRoute+CoreDataClass.swift in Sources */ = {isa = PBXBuildFile; fileRef = DBBBE79F1E5396A10072961A /* BusRoute+CoreDataClass.swift */; };
		DBBBE7A31E5396A10072961A /* BusRouteFlight+CoreDataClass.swift in Sources */ = {isa = PBXBuildFile; fileRef = DBBBE7A01E5396A10072961A /* BusRouteFlight+CoreDataClass.swift */; };
		DBBBE7A41E5396A10072961A /* BusRouteFlightStop+CoreDataClass.swift in Sources */ = {isa = PBXBuildFile; fileRef = DBBBE7A11E5396A10072961A /* BusRouteFlightStop+CoreDataClass.swift */; };
		DBC2BE6A1E5362F10092527D /* BusStop+CoreDataClass.swift in Sources */ = {isa = PBXBuildFile; fileRef = DBC2BE681E5362F10092527D /* BusStop+CoreDataClass.swift */; };
		DBC2BE6F1E53687F0092527D /* BusStopsFacade.swift in Sources */ = {isa = PBXBuildFile; fileRef = DBC2BE6E1E53687F0092527D /* BusStopsFacade.swift */; };
		DBC6A69B1E50BEE8007203C5 /* SupportFacade.swift in Sources */ = {isa = PBXBuildFile; fileRef = DBC6A69A1E50BEE8007203C5 /* SupportFacade.swift */; };
		DBC6A69D1E50C0E5007203C5 /* Support.storyboard in Resources */ = {isa = PBXBuildFile; fileRef = DBC6A69C1E50C0E5007203C5 /* Support.storyboard */; };
		DBC6A6A01E50C0EF007203C5 /* SupportListViewController.swift in Sources */ = {isa = PBXBuildFile; fileRef = DBC6A69E1E50C0EF007203C5 /* SupportListViewController.swift */; };
		DBC6A6A11E50C0EF007203C5 /* SupportItemCell.swift in Sources */ = {isa = PBXBuildFile; fileRef = DBC6A69F1E50C0EF007203C5 /* SupportItemCell.swift */; };
		DBD693201E4B9826002816D3 /* MechtaTests.swift in Sources */ = {isa = PBXBuildFile; fileRef = DBD6931F1E4B9826002816D3 /* MechtaTests.swift */; };
		DBD6932E1E4BA019002816D3 /* NewsModel.swift in Sources */ = {isa = PBXBuildFile; fileRef = DBD6932D1E4BA019002816D3 /* NewsModel.swift */; };
		DBD693301E4BA090002816D3 /* AppModel.swift in Sources */ = {isa = PBXBuildFile; fileRef = DBD6932F1E4BA090002816D3 /* AppModel.swift */; };
		DBD693321E4BA0FF002816D3 /* ExcursionsModel.swift in Sources */ = {isa = PBXBuildFile; fileRef = DBD693311E4BA0FF002816D3 /* ExcursionsModel.swift */; };
		DBD693341E4BA144002816D3 /* OffersModel.swift in Sources */ = {isa = PBXBuildFile; fileRef = DBD693331E4BA144002816D3 /* OffersModel.swift */; };
		DBD693361E4BA159002816D3 /* ServicesModel.swift in Sources */ = {isa = PBXBuildFile; fileRef = DBD693351E4BA159002816D3 /* ServicesModel.swift */; };
		DBD693381E4BA16A002816D3 /* NotificationsModel.swift in Sources */ = {isa = PBXBuildFile; fileRef = DBD693371E4BA16A002816D3 /* NotificationsModel.swift */; };
		DBD6933C1E4BAA97002816D3 /* NewsFacade.swift in Sources */ = {isa = PBXBuildFile; fileRef = DBD6933B1E4BAA97002816D3 /* NewsFacade.swift */; };
		DBD6933E1E4BAC16002816D3 /* ExcursionsFacade.swift in Sources */ = {isa = PBXBuildFile; fileRef = DBD6933D1E4BAC16002816D3 /* ExcursionsFacade.swift */; };
		DBD693401E4BAC31002816D3 /* OffersFacade.swift in Sources */ = {isa = PBXBuildFile; fileRef = DBD6933F1E4BAC31002816D3 /* OffersFacade.swift */; };
		DBD693421E4BAC3C002816D3 /* ServicesFacade.swift in Sources */ = {isa = PBXBuildFile; fileRef = DBD693411E4BAC3C002816D3 /* ServicesFacade.swift */; };
		DBD693441E4BAC48002816D3 /* NotificationsFacade.swift in Sources */ = {isa = PBXBuildFile; fileRef = DBD693431E4BAC48002816D3 /* NotificationsFacade.swift */; };
		DBD7D5D71E56BAE2000715CD /* PreferencesStorage.swift in Sources */ = {isa = PBXBuildFile; fileRef = DBD7D5D61E56BAE2000715CD /* PreferencesStorage.swift */; };
		DBFE875D1E5214B600F6321C /* TransportMapViewController.swift in Sources */ = {isa = PBXBuildFile; fileRef = DBFE87591E5214B600F6321C /* TransportMapViewController.swift */; };
		DBFE875E1E5214B600F6321C /* TransportScheduleViewController.swift in Sources */ = {isa = PBXBuildFile; fileRef = DBFE875A1E5214B600F6321C /* TransportScheduleViewController.swift */; };
		DBFE875F1E5214B600F6321C /* TransportNearestViewController.swift in Sources */ = {isa = PBXBuildFile; fileRef = DBFE875B1E5214B600F6321C /* TransportNearestViewController.swift */; };
		DBFE87601E5214B600F6321C /* CourseSelectionViewController.swift in Sources */ = {isa = PBXBuildFile; fileRef = DBFE875C1E5214B600F6321C /* CourseSelectionViewController.swift */; };
		DBFE87631E5214C600F6321C /* BusStopCell.swift in Sources */ = {isa = PBXBuildFile; fileRef = DBFE87611E5214C600F6321C /* BusStopCell.swift */; };
		DBFE87641E5214C600F6321C /* BusStopListViewController.swift in Sources */ = {isa = PBXBuildFile; fileRef = DBFE87621E5214C600F6321C /* BusStopListViewController.swift */; };
		DBFE87681E5214DA00F6321C /* TransportViewController.swift in Sources */ = {isa = PBXBuildFile; fileRef = DBFE87651E5214DA00F6321C /* TransportViewController.swift */; };
		DBFE87691E5214DA00F6321C /* TransportPagingViewController.swift in Sources */ = {isa = PBXBuildFile; fileRef = DBFE87661E5214DA00F6321C /* TransportPagingViewController.swift */; };
		DBFE876A1E5214DA00F6321C /* Transport.storyboard in Resources */ = {isa = PBXBuildFile; fileRef = DBFE87671E5214DA00F6321C /* Transport.storyboard */; };
/* End PBXBuildFile section */

/* Begin PBXContainerItemProxy section */
		DBD693221E4B9826002816D3 /* PBXContainerItemProxy */ = {
			isa = PBXContainerItemProxy;
			containerPortal = 4007C8911E4A32BA004D5E61 /* Project object */;
			proxyType = 1;
			remoteGlobalIDString = 4007C8981E4A32BA004D5E61;
			remoteInfo = Mechta;
		};
/* End PBXContainerItemProxy section */

/* Begin PBXFileReference section */
		192C20B96CC8966501A28BF5 /* Pods-MechtaTests.release.xcconfig */ = {isa = PBXFileReference; includeInIndex = 1; lastKnownFileType = text.xcconfig; name = "Pods-MechtaTests.release.xcconfig"; path = "Pods/Target Support Files/Pods-MechtaTests/Pods-MechtaTests.release.xcconfig"; sourceTree = "<group>"; };
		4007C8991E4A32BA004D5E61 /* Mechta.app */ = {isa = PBXFileReference; explicitFileType = wrapper.application; includeInIndex = 0; path = Mechta.app; sourceTree = BUILT_PRODUCTS_DIR; };
		4007C89C1E4A32BA004D5E61 /* AppDelegate.swift */ = {isa = PBXFileReference; lastKnownFileType = sourcecode.swift; path = AppDelegate.swift; sourceTree = "<group>"; };
		4007C8A31E4A32BA004D5E61 /* Assets.xcassets */ = {isa = PBXFileReference; lastKnownFileType = folder.assetcatalog; path = Assets.xcassets; sourceTree = "<group>"; };
		4007C8A61E4A32BA004D5E61 /* Base */ = {isa = PBXFileReference; lastKnownFileType = file.storyboard; name = Base; path = Base.lproj/LaunchScreen.storyboard; sourceTree = "<group>"; };
		4007C8A81E4A32BA004D5E61 /* Info.plist */ = {isa = PBXFileReference; lastKnownFileType = text.plist.xml; path = Info.plist; sourceTree = "<group>"; };
		4007C8B01E4A3539004D5E61 /* Model.xcdatamodel */ = {isa = PBXFileReference; lastKnownFileType = wrapper.xcdatamodel; path = Model.xcdatamodel; sourceTree = "<group>"; };
		4007C8B21E4A3556004D5E61 /* CoreDataManager.swift */ = {isa = PBXFileReference; fileEncoding = 4; lastKnownFileType = sourcecode.swift; path = CoreDataManager.swift; sourceTree = "<group>"; };
		4007C8B51E4A3B54004D5E61 /* Excursion+CoreDataClass.swift */ = {isa = PBXFileReference; fileEncoding = 4; lastKnownFileType = sourcecode.swift; path = "Excursion+CoreDataClass.swift"; sourceTree = "<group>"; };
		4007C8B61E4A3B54004D5E61 /* Excursion+CoreDataProperties.swift */ = {isa = PBXFileReference; fileEncoding = 4; lastKnownFileType = sourcecode.swift; path = "Excursion+CoreDataProperties.swift"; sourceTree = "<group>"; };
		4007C8B71E4A3B54004D5E61 /* News+CoreDataClass.swift */ = {isa = PBXFileReference; fileEncoding = 4; lastKnownFileType = sourcecode.swift; path = "News+CoreDataClass.swift"; sourceTree = "<group>"; };
		4007C8B81E4A3B54004D5E61 /* News+CoreDataProperties.swift */ = {isa = PBXFileReference; fileEncoding = 4; lastKnownFileType = sourcecode.swift; path = "News+CoreDataProperties.swift"; sourceTree = "<group>"; };
		4007C8B91E4A3B54004D5E61 /* Offer+CoreDataClass.swift */ = {isa = PBXFileReference; fileEncoding = 4; lastKnownFileType = sourcecode.swift; path = "Offer+CoreDataClass.swift"; sourceTree = "<group>"; };
		4007C8BA1E4A3B54004D5E61 /* Offer+CoreDataProperties.swift */ = {isa = PBXFileReference; fileEncoding = 4; lastKnownFileType = sourcecode.swift; path = "Offer+CoreDataProperties.swift"; sourceTree = "<group>"; };
		4007C8BB1E4A3B54004D5E61 /* Service+CoreDataClass.swift */ = {isa = PBXFileReference; fileEncoding = 4; lastKnownFileType = sourcecode.swift; path = "Service+CoreDataClass.swift"; sourceTree = "<group>"; };
		4007C8BC1E4A3B54004D5E61 /* Service+CoreDataProperties.swift */ = {isa = PBXFileReference; fileEncoding = 4; lastKnownFileType = sourcecode.swift; path = "Service+CoreDataProperties.swift"; sourceTree = "<group>"; };
		4007C8BD1E4A3B54004D5E61 /* Notification+CoreDataClass.swift */ = {isa = PBXFileReference; fileEncoding = 4; lastKnownFileType = sourcecode.swift; path = "Notification+CoreDataClass.swift"; sourceTree = "<group>"; };
		4007C8BE1E4A3B54004D5E61 /* Notification+CoreDataProperties.swift */ = {isa = PBXFileReference; fileEncoding = 4; lastKnownFileType = sourcecode.swift; path = "Notification+CoreDataProperties.swift"; sourceTree = "<group>"; };
		40E913441E4A3EEE0024A6FB /* DateExtensions.swift */ = {isa = PBXFileReference; fileEncoding = 4; lastKnownFileType = sourcecode.swift; path = DateExtensions.swift; sourceTree = "<group>"; };
		40E913491E4A41760024A6FB /* NetworkManager.swift */ = {isa = PBXFileReference; fileEncoding = 4; lastKnownFileType = sourcecode.swift; path = NetworkManager.swift; sourceTree = "<group>"; };
		40E9134B1E4A43D60024A6FB /* Constants.swift */ = {isa = PBXFileReference; fileEncoding = 4; lastKnownFileType = sourcecode.swift; path = Constants.swift; sourceTree = "<group>"; };
		49077FB6B78400F0102966E0 /* Pods_Mechta.framework */ = {isa = PBXFileReference; explicitFileType = wrapper.framework; includeInIndex = 0; path = Pods_Mechta.framework; sourceTree = BUILT_PRODUCTS_DIR; };
		B712FE005635AACD994D7E34 /* Pods_MechtaTests.framework */ = {isa = PBXFileReference; explicitFileType = wrapper.framework; includeInIndex = 0; path = Pods_MechtaTests.framework; sourceTree = BUILT_PRODUCTS_DIR; };
		D649FFB7BA989386BE5875D9 /* Pods-Mechta.debug.xcconfig */ = {isa = PBXFileReference; includeInIndex = 1; lastKnownFileType = text.xcconfig; name = "Pods-Mechta.debug.xcconfig"; path = "Pods/Target Support Files/Pods-Mechta/Pods-Mechta.debug.xcconfig"; sourceTree = "<group>"; };
		DB0768C01E55C3350058185D /* TransportRouteSelectionFacade.swift */ = {isa = PBXFileReference; fileEncoding = 4; lastKnownFileType = sourcecode.swift; path = TransportRouteSelectionFacade.swift; sourceTree = "<group>"; };
		DB0768C21E55C53F0058185D /* TransportNearestFacade.swift */ = {isa = PBXFileReference; fileEncoding = 4; lastKnownFileType = sourcecode.swift; path = TransportNearestFacade.swift; sourceTree = "<group>"; };
		DB0768C41E55C5500058185D /* TransportScheduleFacade.swift */ = {isa = PBXFileReference; fileEncoding = 4; lastKnownFileType = sourcecode.swift; path = TransportScheduleFacade.swift; sourceTree = "<group>"; };
		DB0768C61E55C55C0058185D /* TransportMapFacade.swift */ = {isa = PBXFileReference; fileEncoding = 4; lastKnownFileType = sourcecode.swift; path = TransportMapFacade.swift; sourceTree = "<group>"; };
		DB081DF11E54170E003C38A9 /* TransportModel.swift */ = {isa = PBXFileReference; fileEncoding = 4; lastKnownFileType = sourcecode.swift; path = TransportModel.swift; sourceTree = "<group>"; };
		DBB2ECCB1E4F9EF100034B8B /* NewsListViewController.swift */ = {isa = PBXFileReference; fileEncoding = 4; lastKnownFileType = sourcecode.swift; path = NewsListViewController.swift; sourceTree = "<group>"; };
		DBB2ECCC1E4F9EF100034B8B /* NewsCell.swift */ = {isa = PBXFileReference; fileEncoding = 4; lastKnownFileType = sourcecode.swift; path = NewsCell.swift; sourceTree = "<group>"; };
		DBB2ECCF1E4F9F1A00034B8B /* OfferCell.swift */ = {isa = PBXFileReference; fileEncoding = 4; lastKnownFileType = sourcecode.swift; path = OfferCell.swift; sourceTree = "<group>"; };
		DBB2ECD01E4F9F1A00034B8B /* OfferListViewController.swift */ = {isa = PBXFileReference; fileEncoding = 4; lastKnownFileType = sourcecode.swift; path = OfferListViewController.swift; sourceTree = "<group>"; };
		DBB2ECD31E4F9F3300034B8B /* ExcursionCell.swift */ = {isa = PBXFileReference; fileEncoding = 4; lastKnownFileType = sourcecode.swift; path = ExcursionCell.swift; sourceTree = "<group>"; };
		DBB2ECD41E4F9F3300034B8B /* ExcursionListViewController.swift */ = {isa = PBXFileReference; fileEncoding = 4; lastKnownFileType = sourcecode.swift; path = ExcursionListViewController.swift; sourceTree = "<group>"; };
		DBB2ECD71E4F9F6300034B8B /* NotificationCell.swift */ = {isa = PBXFileReference; fileEncoding = 4; lastKnownFileType = sourcecode.swift; path = NotificationCell.swift; sourceTree = "<group>"; };
		DBB2ECD81E4F9F6300034B8B /* NotificationListViewController.swift */ = {isa = PBXFileReference; fileEncoding = 4; lastKnownFileType = sourcecode.swift; path = NotificationListViewController.swift; sourceTree = "<group>"; };
		DBB2ECDB1E4F9F7100034B8B /* ServiceCell.swift */ = {isa = PBXFileReference; fileEncoding = 4; lastKnownFileType = sourcecode.swift; path = ServiceCell.swift; sourceTree = "<group>"; };
		DBB2ECDE1E4FA8D900034B8B /* Menu.storyboard */ = {isa = PBXFileReference; fileEncoding = 4; lastKnownFileType = file.storyboard; path = Menu.storyboard; sourceTree = "<group>"; };
		DBB2ECE01E4FA8E500034B8B /* SideMenuCoordinatorViewController.swift */ = {isa = PBXFileReference; fileEncoding = 4; lastKnownFileType = sourcecode.swift; path = SideMenuCoordinatorViewController.swift; sourceTree = "<group>"; };
		DBB2ECE11E4FA8E500034B8B /* SideMenuItemsViewController.swift */ = {isa = PBXFileReference; fileEncoding = 4; lastKnownFileType = sourcecode.swift; path = SideMenuItemsViewController.swift; sourceTree = "<group>"; };
		DBB2ECE21E4FA8E500034B8B /* MenuItemCell.swift */ = {isa = PBXFileReference; fileEncoding = 4; lastKnownFileType = sourcecode.swift; path = MenuItemCell.swift; sourceTree = "<group>"; };
		DBB2ECE31E4FA8E500034B8B /* MenuItem.swift */ = {isa = PBXFileReference; fileEncoding = 4; lastKnownFileType = sourcecode.swift; path = MenuItem.swift; sourceTree = "<group>"; };
		DBB2ECE81E4FA98100034B8B /* ImageViewWebExtension.swift */ = {isa = PBXFileReference; fileEncoding = 4; lastKnownFileType = sourcecode.swift; path = ImageViewWebExtension.swift; sourceTree = "<group>"; };
		DBB2ECEA1E4FA98700034B8B /* PagingViewController.swift */ = {isa = PBXFileReference; fileEncoding = 4; lastKnownFileType = sourcecode.swift; path = PagingViewController.swift; sourceTree = "<group>"; };
		DBB2ECEC1E4FA99000034B8B /* TableViewBackgroundsExtension.swift */ = {isa = PBXFileReference; fileEncoding = 4; lastKnownFileType = sourcecode.swift; path = TableViewBackgroundsExtension.swift; sourceTree = "<group>"; };
		DBB2ECED1E4FA99000034B8B /* TableViewMessageBackgroundView.swift */ = {isa = PBXFileReference; fileEncoding = 4; lastKnownFileType = sourcecode.swift; path = TableViewMessageBackgroundView.swift; sourceTree = "<group>"; };
		DBB2ECEE1E4FA99000034B8B /* TableViewBackgrounds.xib */ = {isa = PBXFileReference; fileEncoding = 4; lastKnownFileType = file.xib; path = TableViewBackgrounds.xib; sourceTree = "<group>"; };
		DBB2ECF31E4FA9BA00034B8B /* Style.swift */ = {isa = PBXFileReference; fileEncoding = 4; lastKnownFileType = sourcecode.swift; path = Style.swift; sourceTree = "<group>"; };
		DBB2ECF51E4FA9DA00034B8B /* ColorExtension.swift */ = {isa = PBXFileReference; fileEncoding = 4; lastKnownFileType = sourcecode.swift; path = ColorExtension.swift; sourceTree = "<group>"; };
		DBB2ECF61E4FA9DA00034B8B /* TableViewControllerExtension.swift */ = {isa = PBXFileReference; fileEncoding = 4; lastKnownFileType = sourcecode.swift; path = TableViewControllerExtension.swift; sourceTree = "<group>"; };
		DBB2ECF91E4FAA2200034B8B /* NewsPagingViewController.swift */ = {isa = PBXFileReference; fileEncoding = 4; lastKnownFileType = sourcecode.swift; path = NewsPagingViewController.swift; sourceTree = "<group>"; };
		DBB2ECFB1E4FAA2B00034B8B /* News.storyboard */ = {isa = PBXFileReference; fileEncoding = 4; lastKnownFileType = file.storyboard; path = News.storyboard; sourceTree = "<group>"; };
		DBB2ECFD1E4FAA5400034B8B /* ServicesPagingController.swift */ = {isa = PBXFileReference; fileEncoding = 4; lastKnownFileType = sourcecode.swift; path = ServicesPagingController.swift; sourceTree = "<group>"; };
		DBB2ECFE1E4FAA5400034B8B /* ServiceListViewController.swift */ = {isa = PBXFileReference; fileEncoding = 4; lastKnownFileType = sourcecode.swift; path = ServiceListViewController.swift; sourceTree = "<group>"; };
		DBB2ECFF1E4FAA5400034B8B /* Services.storyboard */ = {isa = PBXFileReference; fileEncoding = 4; lastKnownFileType = file.storyboard; path = Services.storyboard; sourceTree = "<group>"; };
		DBB2ED031E4FABAE00034B8B /* Notifications.storyboard */ = {isa = PBXFileReference; fileEncoding = 4; lastKnownFileType = file.storyboard; path = Notifications.storyboard; sourceTree = "<group>"; };
		DBBBE7941E5395620072961A /* BusStop+CoreDataProperties.swift */ = {isa = PBXFileReference; fileEncoding = 4; lastKnownFileType = sourcecode.swift; path = "BusStop+CoreDataProperties.swift"; sourceTree = "<group>"; };
		DBBBE7991E5396460072961A /* BusRouteFlightStop+CoreDataProperties.swift */ = {isa = PBXFileReference; fileEncoding = 4; lastKnownFileType = sourcecode.swift; path = "BusRouteFlightStop+CoreDataProperties.swift"; sourceTree = "<group>"; };
		DBBBE79A1E5396460072961A /* BusRoute+CoreDataProperties.swift */ = {isa = PBXFileReference; fileEncoding = 4; lastKnownFileType = sourcecode.swift; path = "BusRoute+CoreDataProperties.swift"; sourceTree = "<group>"; };
		DBBBE79B1E5396460072961A /* BusRouteFlight+CoreDataProperties.swift */ = {isa = PBXFileReference; fileEncoding = 4; lastKnownFileType = sourcecode.swift; path = "BusRouteFlight+CoreDataProperties.swift"; sourceTree = "<group>"; };
		DBBBE79F1E5396A10072961A /* BusRoute+CoreDataClass.swift */ = {isa = PBXFileReference; fileEncoding = 4; lastKnownFileType = sourcecode.swift; path = "BusRoute+CoreDataClass.swift"; sourceTree = "<group>"; };
		DBBBE7A01E5396A10072961A /* BusRouteFlight+CoreDataClass.swift */ = {isa = PBXFileReference; fileEncoding = 4; lastKnownFileType = sourcecode.swift; path = "BusRouteFlight+CoreDataClass.swift"; sourceTree = "<group>"; };
		DBBBE7A11E5396A10072961A /* BusRouteFlightStop+CoreDataClass.swift */ = {isa = PBXFileReference; fileEncoding = 4; lastKnownFileType = sourcecode.swift; path = "BusRouteFlightStop+CoreDataClass.swift"; sourceTree = "<group>"; };
		DBC2BE681E5362F10092527D /* BusStop+CoreDataClass.swift */ = {isa = PBXFileReference; fileEncoding = 4; lastKnownFileType = sourcecode.swift; path = "BusStop+CoreDataClass.swift"; sourceTree = "<group>"; };
		DBC2BE6E1E53687F0092527D /* BusStopsFacade.swift */ = {isa = PBXFileReference; fileEncoding = 4; lastKnownFileType = sourcecode.swift; path = BusStopsFacade.swift; sourceTree = "<group>"; };
		DBC6A69A1E50BEE8007203C5 /* SupportFacade.swift */ = {isa = PBXFileReference; fileEncoding = 4; lastKnownFileType = sourcecode.swift; path = SupportFacade.swift; sourceTree = "<group>"; };
		DBC6A69C1E50C0E5007203C5 /* Support.storyboard */ = {isa = PBXFileReference; fileEncoding = 4; lastKnownFileType = file.storyboard; path = Support.storyboard; sourceTree = "<group>"; };
		DBC6A69E1E50C0EF007203C5 /* SupportListViewController.swift */ = {isa = PBXFileReference; fileEncoding = 4; lastKnownFileType = sourcecode.swift; path = SupportListViewController.swift; sourceTree = "<group>"; };
		DBC6A69F1E50C0EF007203C5 /* SupportItemCell.swift */ = {isa = PBXFileReference; fileEncoding = 4; lastKnownFileType = sourcecode.swift; path = SupportItemCell.swift; sourceTree = "<group>"; };
		DBD6931D1E4B9826002816D3 /* MechtaTests.xctest */ = {isa = PBXFileReference; explicitFileType = wrapper.cfbundle; includeInIndex = 0; path = MechtaTests.xctest; sourceTree = BUILT_PRODUCTS_DIR; };
		DBD6931F1E4B9826002816D3 /* MechtaTests.swift */ = {isa = PBXFileReference; lastKnownFileType = sourcecode.swift; path = MechtaTests.swift; sourceTree = "<group>"; };
		DBD693211E4B9826002816D3 /* Info.plist */ = {isa = PBXFileReference; lastKnownFileType = text.plist.xml; path = Info.plist; sourceTree = "<group>"; };
		DBD6932D1E4BA019002816D3 /* NewsModel.swift */ = {isa = PBXFileReference; fileEncoding = 4; lastKnownFileType = sourcecode.swift; path = NewsModel.swift; sourceTree = "<group>"; };
		DBD6932F1E4BA090002816D3 /* AppModel.swift */ = {isa = PBXFileReference; fileEncoding = 4; lastKnownFileType = sourcecode.swift; path = AppModel.swift; sourceTree = "<group>"; };
		DBD693311E4BA0FF002816D3 /* ExcursionsModel.swift */ = {isa = PBXFileReference; fileEncoding = 4; lastKnownFileType = sourcecode.swift; path = ExcursionsModel.swift; sourceTree = "<group>"; };
		DBD693331E4BA144002816D3 /* OffersModel.swift */ = {isa = PBXFileReference; fileEncoding = 4; lastKnownFileType = sourcecode.swift; path = OffersModel.swift; sourceTree = "<group>"; };
		DBD693351E4BA159002816D3 /* ServicesModel.swift */ = {isa = PBXFileReference; fileEncoding = 4; lastKnownFileType = sourcecode.swift; path = ServicesModel.swift; sourceTree = "<group>"; };
		DBD693371E4BA16A002816D3 /* NotificationsModel.swift */ = {isa = PBXFileReference; fileEncoding = 4; lastKnownFileType = sourcecode.swift; path = NotificationsModel.swift; sourceTree = "<group>"; };
		DBD6933B1E4BAA97002816D3 /* NewsFacade.swift */ = {isa = PBXFileReference; fileEncoding = 4; lastKnownFileType = sourcecode.swift; path = NewsFacade.swift; sourceTree = "<group>"; };
		DBD6933D1E4BAC16002816D3 /* ExcursionsFacade.swift */ = {isa = PBXFileReference; fileEncoding = 4; lastKnownFileType = sourcecode.swift; path = ExcursionsFacade.swift; sourceTree = "<group>"; };
		DBD6933F1E4BAC31002816D3 /* OffersFacade.swift */ = {isa = PBXFileReference; fileEncoding = 4; lastKnownFileType = sourcecode.swift; path = OffersFacade.swift; sourceTree = "<group>"; };
		DBD693411E4BAC3C002816D3 /* ServicesFacade.swift */ = {isa = PBXFileReference; fileEncoding = 4; lastKnownFileType = sourcecode.swift; path = ServicesFacade.swift; sourceTree = "<group>"; };
		DBD693431E4BAC48002816D3 /* NotificationsFacade.swift */ = {isa = PBXFileReference; fileEncoding = 4; lastKnownFileType = sourcecode.swift; path = NotificationsFacade.swift; sourceTree = "<group>"; };
		DBD7D5D61E56BAE2000715CD /* PreferencesStorage.swift */ = {isa = PBXFileReference; fileEncoding = 4; lastKnownFileType = sourcecode.swift; path = PreferencesStorage.swift; sourceTree = "<group>"; };
		DBFE87591E5214B600F6321C /* TransportMapViewController.swift */ = {isa = PBXFileReference; fileEncoding = 4; lastKnownFileType = sourcecode.swift; path = TransportMapViewController.swift; sourceTree = "<group>"; };
		DBFE875A1E5214B600F6321C /* TransportScheduleViewController.swift */ = {isa = PBXFileReference; fileEncoding = 4; lastKnownFileType = sourcecode.swift; path = TransportScheduleViewController.swift; sourceTree = "<group>"; };
		DBFE875B1E5214B600F6321C /* TransportNearestViewController.swift */ = {isa = PBXFileReference; fileEncoding = 4; lastKnownFileType = sourcecode.swift; path = TransportNearestViewController.swift; sourceTree = "<group>"; };
		DBFE875C1E5214B600F6321C /* CourseSelectionViewController.swift */ = {isa = PBXFileReference; fileEncoding = 4; lastKnownFileType = sourcecode.swift; path = CourseSelectionViewController.swift; sourceTree = "<group>"; };
		DBFE87611E5214C600F6321C /* BusStopCell.swift */ = {isa = PBXFileReference; fileEncoding = 4; lastKnownFileType = sourcecode.swift; path = BusStopCell.swift; sourceTree = "<group>"; };
		DBFE87621E5214C600F6321C /* BusStopListViewController.swift */ = {isa = PBXFileReference; fileEncoding = 4; lastKnownFileType = sourcecode.swift; path = BusStopListViewController.swift; sourceTree = "<group>"; };
		DBFE87651E5214DA00F6321C /* TransportViewController.swift */ = {isa = PBXFileReference; fileEncoding = 4; lastKnownFileType = sourcecode.swift; path = TransportViewController.swift; sourceTree = "<group>"; };
		DBFE87661E5214DA00F6321C /* TransportPagingViewController.swift */ = {isa = PBXFileReference; fileEncoding = 4; lastKnownFileType = sourcecode.swift; path = TransportPagingViewController.swift; sourceTree = "<group>"; };
		DBFE87671E5214DA00F6321C /* Transport.storyboard */ = {isa = PBXFileReference; fileEncoding = 4; lastKnownFileType = file.storyboard; path = Transport.storyboard; sourceTree = "<group>"; };
		F152E5B50BF61CDEFFBF1EF4 /* Pods-MechtaTests.debug.xcconfig */ = {isa = PBXFileReference; includeInIndex = 1; lastKnownFileType = text.xcconfig; name = "Pods-MechtaTests.debug.xcconfig"; path = "Pods/Target Support Files/Pods-MechtaTests/Pods-MechtaTests.debug.xcconfig"; sourceTree = "<group>"; };
		FF624B24E3E8F6ADDD734BF4 /* Pods-Mechta.release.xcconfig */ = {isa = PBXFileReference; includeInIndex = 1; lastKnownFileType = text.xcconfig; name = "Pods-Mechta.release.xcconfig"; path = "Pods/Target Support Files/Pods-Mechta/Pods-Mechta.release.xcconfig"; sourceTree = "<group>"; };
/* End PBXFileReference section */

/* Begin PBXFrameworksBuildPhase section */
		4007C8961E4A32BA004D5E61 /* Frameworks */ = {
			isa = PBXFrameworksBuildPhase;
			buildActionMask = 2147483647;
			files = (
				B26F68F138F2427C9DE9AAFF /* Pods_Mechta.framework in Frameworks */,
			);
			runOnlyForDeploymentPostprocessing = 0;
		};
		DBD6931A1E4B9826002816D3 /* Frameworks */ = {
			isa = PBXFrameworksBuildPhase;
			buildActionMask = 2147483647;
			files = (
				471525ACA0388D2035B93B6F /* Pods_MechtaTests.framework in Frameworks */,
			);
			runOnlyForDeploymentPostprocessing = 0;
		};
/* End PBXFrameworksBuildPhase section */

/* Begin PBXGroup section */
		4007C8901E4A32BA004D5E61 = {
			isa = PBXGroup;
			children = (
				4007C89B1E4A32BA004D5E61 /* Mechta */,
				DBD6931E1E4B9826002816D3 /* MechtaTests */,
				4007C89A1E4A32BA004D5E61 /* Products */,
				AFA96DDE2DCFB17668D460B0 /* Pods */,
				CD5C90B2ADD563553FCCE8D4 /* Frameworks */,
			);
			sourceTree = "<group>";
		};
		4007C89A1E4A32BA004D5E61 /* Products */ = {
			isa = PBXGroup;
			children = (
				4007C8991E4A32BA004D5E61 /* Mechta.app */,
				DBD6931D1E4B9826002816D3 /* MechtaTests.xctest */,
			);
			name = Products;
			sourceTree = "<group>";
		};
		4007C89B1E4A32BA004D5E61 /* Mechta */ = {
			isa = PBXGroup;
			children = (
				DBD693391E4BA2FD002816D3 /* Application */,
				4007C8AE1E4A3522004D5E61 /* Model */,
				40E913471E4A41170024A6FB /* UI */,
				40E913431E4A3EE20024A6FB /* Utils */,
				40E913461E4A40FD0024A6FB /* Support */,
			);
			path = Mechta;
			sourceTree = "<group>";
		};
		4007C8AE1E4A3522004D5E61 /* Model */ = {
			isa = PBXGroup;
			children = (
				40E913481E4A412D0024A6FB /* Framework */,
				4007C8B41E4A3B47004D5E61 /* ManagedObjects */,
				DBD6932C1E4BA010002816D3 /* Models */,
				DBD6933A1E4BAA53002816D3 /* Facades */,
				4007C8AF1E4A3539004D5E61 /* Model.xcdatamodeld */,
			);
			name = Model;
			sourceTree = "<group>";
		};
		4007C8B41E4A3B47004D5E61 /* ManagedObjects */ = {
			isa = PBXGroup;
			children = (
				DBBBE79F1E5396A10072961A /* BusRoute+CoreDataClass.swift */,
				DBBBE79A1E5396460072961A /* BusRoute+CoreDataProperties.swift */,
				DBBBE7A01E5396A10072961A /* BusRouteFlight+CoreDataClass.swift */,
				DBBBE79B1E5396460072961A /* BusRouteFlight+CoreDataProperties.swift */,
				DBBBE7A11E5396A10072961A /* BusRouteFlightStop+CoreDataClass.swift */,
				DBBBE7991E5396460072961A /* BusRouteFlightStop+CoreDataProperties.swift */,
				DBC2BE681E5362F10092527D /* BusStop+CoreDataClass.swift */,
				DBBBE7941E5395620072961A /* BusStop+CoreDataProperties.swift */,
				4007C8B51E4A3B54004D5E61 /* Excursion+CoreDataClass.swift */,
				4007C8B61E4A3B54004D5E61 /* Excursion+CoreDataProperties.swift */,
				4007C8B71E4A3B54004D5E61 /* News+CoreDataClass.swift */,
				4007C8B81E4A3B54004D5E61 /* News+CoreDataProperties.swift */,
				4007C8BD1E4A3B54004D5E61 /* Notification+CoreDataClass.swift */,
				4007C8BE1E4A3B54004D5E61 /* Notification+CoreDataProperties.swift */,
				4007C8B91E4A3B54004D5E61 /* Offer+CoreDataClass.swift */,
				4007C8BA1E4A3B54004D5E61 /* Offer+CoreDataProperties.swift */,
				4007C8BB1E4A3B54004D5E61 /* Service+CoreDataClass.swift */,
				4007C8BC1E4A3B54004D5E61 /* Service+CoreDataProperties.swift */,
			);
			name = ManagedObjects;
			sourceTree = "<group>";
		};
		40E913431E4A3EE20024A6FB /* Utils */ = {
			isa = PBXGroup;
			children = (
				DBB2ECF21E4FA99400034B8B /* TableViewBackgrounds */,
				DBB2ECEA1E4FA98700034B8B /* PagingViewController.swift */,
				DBB2ECE81E4FA98100034B8B /* ImageViewWebExtension.swift */,
				40E913441E4A3EEE0024A6FB /* DateExtensions.swift */,
				40E9134B1E4A43D60024A6FB /* Constants.swift */,
				DBB2ECF51E4FA9DA00034B8B /* ColorExtension.swift */,
				DBB2ECF61E4FA9DA00034B8B /* TableViewControllerExtension.swift */,
			);
			name = Utils;
			sourceTree = "<group>";
		};
		40E913461E4A40FD0024A6FB /* Support */ = {
			isa = PBXGroup;
			children = (
				4007C8A31E4A32BA004D5E61 /* Assets.xcassets */,
				4007C8A51E4A32BA004D5E61 /* LaunchScreen.storyboard */,
				4007C8A81E4A32BA004D5E61 /* Info.plist */,
			);
			name = Support;
			sourceTree = "<group>";
		};
		40E913471E4A41170024A6FB /* UI */ = {
			isa = PBXGroup;
			children = (
				DBB2ECDD1E4FA70300034B8B /* Menu */,
				DBB2ECC41E4F9E1300034B8B /* News */,
				DBB2ECC81E4F9E3800034B8B /* Services */,
				DBB2ECC91E4F9E3E00034B8B /* Notifications */,
				DBFE87581E520F6200F6321C /* Transport */,
				DBC6A6991E50BE9A007203C5 /* Support */,
			);
			name = UI;
			sourceTree = "<group>";
		};
		40E913481E4A412D0024A6FB /* Framework */ = {
			isa = PBXGroup;
			children = (
				40E913491E4A41760024A6FB /* NetworkManager.swift */,
				4007C8B21E4A3556004D5E61 /* CoreDataManager.swift */,
				DBD7D5D61E56BAE2000715CD /* PreferencesStorage.swift */,
			);
			name = Framework;
			sourceTree = "<group>";
		};
		AFA96DDE2DCFB17668D460B0 /* Pods */ = {
			isa = PBXGroup;
			children = (
				D649FFB7BA989386BE5875D9 /* Pods-Mechta.debug.xcconfig */,
				FF624B24E3E8F6ADDD734BF4 /* Pods-Mechta.release.xcconfig */,
				F152E5B50BF61CDEFFBF1EF4 /* Pods-MechtaTests.debug.xcconfig */,
				192C20B96CC8966501A28BF5 /* Pods-MechtaTests.release.xcconfig */,
			);
			name = Pods;
			sourceTree = "<group>";
		};
		CD5C90B2ADD563553FCCE8D4 /* Frameworks */ = {
			isa = PBXGroup;
			children = (
				49077FB6B78400F0102966E0 /* Pods_Mechta.framework */,
				B712FE005635AACD994D7E34 /* Pods_MechtaTests.framework */,
			);
			name = Frameworks;
			sourceTree = "<group>";
		};
		DBB2ECC41E4F9E1300034B8B /* News */ = {
			isa = PBXGroup;
			children = (
				DBB2ECC51E4F9E2000034B8B /* News */,
				DBB2ECC61E4F9E2700034B8B /* Offers */,
				DBB2ECC71E4F9E2D00034B8B /* Excursions */,
				DBB2ECF91E4FAA2200034B8B /* NewsPagingViewController.swift */,
				DBB2ECFB1E4FAA2B00034B8B /* News.storyboard */,
			);
			name = News;
			sourceTree = "<group>";
		};
		DBB2ECC51E4F9E2000034B8B /* News */ = {
			isa = PBXGroup;
			children = (
				DBB2ECCB1E4F9EF100034B8B /* NewsListViewController.swift */,
				DBB2ECCC1E4F9EF100034B8B /* NewsCell.swift */,
			);
			name = News;
			sourceTree = "<group>";
		};
		DBB2ECC61E4F9E2700034B8B /* Offers */ = {
			isa = PBXGroup;
			children = (
				DBB2ECD01E4F9F1A00034B8B /* OfferListViewController.swift */,
				DBB2ECCF1E4F9F1A00034B8B /* OfferCell.swift */,
			);
			name = Offers;
			sourceTree = "<group>";
		};
		DBB2ECC71E4F9E2D00034B8B /* Excursions */ = {
			isa = PBXGroup;
			children = (
				DBB2ECD41E4F9F3300034B8B /* ExcursionListViewController.swift */,
				DBB2ECD31E4F9F3300034B8B /* ExcursionCell.swift */,
			);
			name = Excursions;
			sourceTree = "<group>";
		};
		DBB2ECC81E4F9E3800034B8B /* Services */ = {
			isa = PBXGroup;
			children = (
				DBB2ECFD1E4FAA5400034B8B /* ServicesPagingController.swift */,
				DBB2ECFE1E4FAA5400034B8B /* ServiceListViewController.swift */,
				DBB2ECDB1E4F9F7100034B8B /* ServiceCell.swift */,
				DBB2ECFF1E4FAA5400034B8B /* Services.storyboard */,
			);
			name = Services;
			sourceTree = "<group>";
		};
		DBB2ECC91E4F9E3E00034B8B /* Notifications */ = {
			isa = PBXGroup;
			children = (
				DBB2ECD81E4F9F6300034B8B /* NotificationListViewController.swift */,
				DBB2ECD71E4F9F6300034B8B /* NotificationCell.swift */,
				DBB2ED031E4FABAE00034B8B /* Notifications.storyboard */,
			);
			name = Notifications;
			sourceTree = "<group>";
		};
		DBB2ECDD1E4FA70300034B8B /* Menu */ = {
			isa = PBXGroup;
			children = (
				DBB2ECE01E4FA8E500034B8B /* SideMenuCoordinatorViewController.swift */,
				DBB2ECE11E4FA8E500034B8B /* SideMenuItemsViewController.swift */,
				DBB2ECE21E4FA8E500034B8B /* MenuItemCell.swift */,
				DBB2ECE31E4FA8E500034B8B /* MenuItem.swift */,
				DBB2ECDE1E4FA8D900034B8B /* Menu.storyboard */,
			);
			name = Menu;
			sourceTree = "<group>";
		};
		DBB2ECF21E4FA99400034B8B /* TableViewBackgrounds */ = {
			isa = PBXGroup;
			children = (
				DBB2ECEC1E4FA99000034B8B /* TableViewBackgroundsExtension.swift */,
				DBB2ECED1E4FA99000034B8B /* TableViewMessageBackgroundView.swift */,
				DBB2ECEE1E4FA99000034B8B /* TableViewBackgrounds.xib */,
			);
			name = TableViewBackgrounds;
			sourceTree = "<group>";
		};
		DBC6A6991E50BE9A007203C5 /* Support */ = {
			isa = PBXGroup;
			children = (
				DBC6A69E1E50C0EF007203C5 /* SupportListViewController.swift */,
				DBC6A69F1E50C0EF007203C5 /* SupportItemCell.swift */,
				DBC6A69C1E50C0E5007203C5 /* Support.storyboard */,
			);
			name = Support;
			sourceTree = "<group>";
		};
		DBD6931E1E4B9826002816D3 /* MechtaTests */ = {
			isa = PBXGroup;
			children = (
				DBD6931F1E4B9826002816D3 /* MechtaTests.swift */,
				DBD693211E4B9826002816D3 /* Info.plist */,
			);
			path = MechtaTests;
			sourceTree = "<group>";
		};
		DBD6932C1E4BA010002816D3 /* Models */ = {
			isa = PBXGroup;
			children = (
				DBD6932F1E4BA090002816D3 /* AppModel.swift */,
				DBD693311E4BA0FF002816D3 /* ExcursionsModel.swift */,
				DBD6932D1E4BA019002816D3 /* NewsModel.swift */,
				DBD693371E4BA16A002816D3 /* NotificationsModel.swift */,
				DBD693331E4BA144002816D3 /* OffersModel.swift */,
				DBD693351E4BA159002816D3 /* ServicesModel.swift */,
				DB081DF11E54170E003C38A9 /* TransportModel.swift */,
			);
			name = Models;
			sourceTree = "<group>";
		};
		DBD693391E4BA2FD002816D3 /* Application */ = {
			isa = PBXGroup;
			children = (
				4007C89C1E4A32BA004D5E61 /* AppDelegate.swift */,
				DBB2ECF31E4FA9BA00034B8B /* Style.swift */,
			);
			name = Application;
			sourceTree = "<group>";
		};
		DBD6933A1E4BAA53002816D3 /* Facades */ = {
			isa = PBXGroup;
			children = (
				DBD6933D1E4BAC16002816D3 /* ExcursionsFacade.swift */,
				DBD6933B1E4BAA97002816D3 /* NewsFacade.swift */,
				DBD693431E4BAC48002816D3 /* NotificationsFacade.swift */,
				DBD6933F1E4BAC31002816D3 /* OffersFacade.swift */,
				DBD693411E4BAC3C002816D3 /* ServicesFacade.swift */,
				DBC6A69A1E50BEE8007203C5 /* SupportFacade.swift */,
				DBC2BE6E1E53687F0092527D /* BusStopsFacade.swift */,
				DB0768C01E55C3350058185D /* TransportRouteSelectionFacade.swift */,
				DB0768C21E55C53F0058185D /* TransportNearestFacade.swift */,
				DB0768C41E55C5500058185D /* TransportScheduleFacade.swift */,
				DB0768C61E55C55C0058185D /* TransportMapFacade.swift */,
			);
			name = Facades;
			sourceTree = "<group>";
		};
		DBFE87581E520F6200F6321C /* Transport */ = {
			isa = PBXGroup;
			children = (
				DBFE876E1E52151F00F6321C /* CourseSelection */,
				DBFE876D1E52151300F6321C /* Nearest */,
				DBFE876C1E52150A00F6321C /* Schedule */,
				DBFE876B1E52150300F6321C /* Map */,
				DBFE87651E5214DA00F6321C /* TransportViewController.swift */,
				DBFE87661E5214DA00F6321C /* TransportPagingViewController.swift */,
				DBFE87671E5214DA00F6321C /* Transport.storyboard */,
			);
			name = Transport;
			sourceTree = "<group>";
		};
		DBFE876B1E52150300F6321C /* Map */ = {
			isa = PBXGroup;
			children = (
				DBFE87591E5214B600F6321C /* TransportMapViewController.swift */,
			);
			name = Map;
			sourceTree = "<group>";
		};
		DBFE876C1E52150A00F6321C /* Schedule */ = {
			isa = PBXGroup;
			children = (
				DBFE875A1E5214B600F6321C /* TransportScheduleViewController.swift */,
			);
			name = Schedule;
			sourceTree = "<group>";
		};
		DBFE876D1E52151300F6321C /* Nearest */ = {
			isa = PBXGroup;
			children = (
				DBFE875B1E5214B600F6321C /* TransportNearestViewController.swift */,
			);
			name = Nearest;
			sourceTree = "<group>";
		};
		DBFE876E1E52151F00F6321C /* CourseSelection */ = {
			isa = PBXGroup;
			children = (
				DBFE875C1E5214B600F6321C /* CourseSelectionViewController.swift */,
				DBFE87611E5214C600F6321C /* BusStopCell.swift */,
				DBFE87621E5214C600F6321C /* BusStopListViewController.swift */,
			);
			name = CourseSelection;
			sourceTree = "<group>";
		};
/* End PBXGroup section */

/* Begin PBXNativeTarget section */
		4007C8981E4A32BA004D5E61 /* Mechta */ = {
			isa = PBXNativeTarget;
			buildConfigurationList = 4007C8AB1E4A32BA004D5E61 /* Build configuration list for PBXNativeTarget "Mechta" */;
			buildPhases = (
				75CDFF0EE1026FD5F4791D0B /* [CP] Check Pods Manifest.lock */,
				4007C8951E4A32BA004D5E61 /* Sources */,
				4007C8961E4A32BA004D5E61 /* Frameworks */,
				4007C8971E4A32BA004D5E61 /* Resources */,
				D8653B2A84F0EFC758EE0E48 /* [CP] Embed Pods Frameworks */,
				7B1D09493309580FDD1BC99A /* [CP] Copy Pods Resources */,
			);
			buildRules = (
			);
			dependencies = (
			);
			name = Mechta;
			productName = Mechta;
			productReference = 4007C8991E4A32BA004D5E61 /* Mechta.app */;
			productType = "com.apple.product-type.application";
		};
		DBD6931C1E4B9826002816D3 /* MechtaTests */ = {
			isa = PBXNativeTarget;
			buildConfigurationList = DBD693241E4B9826002816D3 /* Build configuration list for PBXNativeTarget "MechtaTests" */;
			buildPhases = (
				ABA0FB8DCFC16D046C4B1414 /* [CP] Check Pods Manifest.lock */,
				DBD693191E4B9826002816D3 /* Sources */,
				DBD6931A1E4B9826002816D3 /* Frameworks */,
				DBD6931B1E4B9826002816D3 /* Resources */,
				9EB030233DDF9BEFDABD1092 /* [CP] Embed Pods Frameworks */,
				0D7E3E789834BA676A3CBE6D /* [CP] Copy Pods Resources */,
			);
			buildRules = (
			);
			dependencies = (
				DBD693231E4B9826002816D3 /* PBXTargetDependency */,
			);
			name = MechtaTests;
			productName = MechtaTests;
			productReference = DBD6931D1E4B9826002816D3 /* MechtaTests.xctest */;
			productType = "com.apple.product-type.bundle.unit-test";
		};
/* End PBXNativeTarget section */

/* Begin PBXProject section */
		4007C8911E4A32BA004D5E61 /* Project object */ = {
			isa = PBXProject;
			attributes = {
				LastSwiftUpdateCheck = 0820;
				LastUpgradeCheck = 0820;
				TargetAttributes = {
					4007C8981E4A32BA004D5E61 = {
						CreatedOnToolsVersion = 8.2.1;
						DevelopmentTeam = M8NLKHKFZX;
						ProvisioningStyle = Automatic;
					};
					DBD6931C1E4B9826002816D3 = {
						CreatedOnToolsVersion = 8.2.1;
						DevelopmentTeam = RC4QVH37T6;
						ProvisioningStyle = Automatic;
						TestTargetID = 4007C8981E4A32BA004D5E61;
					};
				};
			};
			buildConfigurationList = 4007C8941E4A32BA004D5E61 /* Build configuration list for PBXProject "Mechta" */;
			compatibilityVersion = "Xcode 3.2";
			developmentRegion = English;
			hasScannedForEncodings = 0;
			knownRegions = (
				en,
				Base,
			);
			mainGroup = 4007C8901E4A32BA004D5E61;
			productRefGroup = 4007C89A1E4A32BA004D5E61 /* Products */;
			projectDirPath = "";
			projectRoot = "";
			targets = (
				4007C8981E4A32BA004D5E61 /* Mechta */,
				DBD6931C1E4B9826002816D3 /* MechtaTests */,
			);
		};
/* End PBXProject section */

/* Begin PBXResourcesBuildPhase section */
		4007C8971E4A32BA004D5E61 /* Resources */ = {
			isa = PBXResourcesBuildPhase;
			buildActionMask = 2147483647;
			files = (
				4007C8A71E4A32BA004D5E61 /* LaunchScreen.storyboard in Resources */,
				DBFE876A1E5214DA00F6321C /* Transport.storyboard in Resources */,
				4007C8A41E4A32BA004D5E61 /* Assets.xcassets in Resources */,
				DBB2ECFC1E4FAA2B00034B8B /* News.storyboard in Resources */,
				DBB2ED021E4FAA5400034B8B /* Services.storyboard in Resources */,
				DBB2ED041E4FABAE00034B8B /* Notifications.storyboard in Resources */,
				DBB2ECDF1E4FA8D900034B8B /* Menu.storyboard in Resources */,
				DBC6A69D1E50C0E5007203C5 /* Support.storyboard in Resources */,
				DBB2ECF11E4FA99000034B8B /* TableViewBackgrounds.xib in Resources */,
			);
			runOnlyForDeploymentPostprocessing = 0;
		};
		DBD6931B1E4B9826002816D3 /* Resources */ = {
			isa = PBXResourcesBuildPhase;
			buildActionMask = 2147483647;
			files = (
			);
			runOnlyForDeploymentPostprocessing = 0;
		};
/* End PBXResourcesBuildPhase section */

/* Begin PBXShellScriptBuildPhase section */
		0D7E3E789834BA676A3CBE6D /* [CP] Copy Pods Resources */ = {
			isa = PBXShellScriptBuildPhase;
			buildActionMask = 2147483647;
			files = (
			);
			inputPaths = (
			);
			name = "[CP] Copy Pods Resources";
			outputPaths = (
			);
			runOnlyForDeploymentPostprocessing = 0;
			shellPath = /bin/sh;
			shellScript = "\"${SRCROOT}/Pods/Target Support Files/Pods-MechtaTests/Pods-MechtaTests-resources.sh\"\n";
			showEnvVarsInLog = 0;
		};
		75CDFF0EE1026FD5F4791D0B /* [CP] Check Pods Manifest.lock */ = {
			isa = PBXShellScriptBuildPhase;
			buildActionMask = 2147483647;
			files = (
			);
			inputPaths = (
			);
			name = "[CP] Check Pods Manifest.lock";
			outputPaths = (
			);
			runOnlyForDeploymentPostprocessing = 0;
			shellPath = /bin/sh;
			shellScript = "diff \"${PODS_ROOT}/../Podfile.lock\" \"${PODS_ROOT}/Manifest.lock\" > /dev/null\nif [ $? != 0 ] ; then\n    # print error to STDERR\n    echo \"error: The sandbox is not in sync with the Podfile.lock. Run 'pod install' or update your CocoaPods installation.\" >&2\n    exit 1\nfi\n";
			showEnvVarsInLog = 0;
		};
		7B1D09493309580FDD1BC99A /* [CP] Copy Pods Resources */ = {
			isa = PBXShellScriptBuildPhase;
			buildActionMask = 2147483647;
			files = (
			);
			inputPaths = (
			);
			name = "[CP] Copy Pods Resources";
			outputPaths = (
			);
			runOnlyForDeploymentPostprocessing = 0;
			shellPath = /bin/sh;
			shellScript = "\"${SRCROOT}/Pods/Target Support Files/Pods-Mechta/Pods-Mechta-resources.sh\"\n";
			showEnvVarsInLog = 0;
		};
		9EB030233DDF9BEFDABD1092 /* [CP] Embed Pods Frameworks */ = {
			isa = PBXShellScriptBuildPhase;
			buildActionMask = 2147483647;
			files = (
			);
			inputPaths = (
			);
			name = "[CP] Embed Pods Frameworks";
			outputPaths = (
			);
			runOnlyForDeploymentPostprocessing = 0;
			shellPath = /bin/sh;
			shellScript = "\"${SRCROOT}/Pods/Target Support Files/Pods-MechtaTests/Pods-MechtaTests-frameworks.sh\"\n";
			showEnvVarsInLog = 0;
		};
		ABA0FB8DCFC16D046C4B1414 /* [CP] Check Pods Manifest.lock */ = {
			isa = PBXShellScriptBuildPhase;
			buildActionMask = 2147483647;
			files = (
			);
			inputPaths = (
			);
			name = "[CP] Check Pods Manifest.lock";
			outputPaths = (
			);
			runOnlyForDeploymentPostprocessing = 0;
			shellPath = /bin/sh;
			shellScript = "diff \"${PODS_ROOT}/../Podfile.lock\" \"${PODS_ROOT}/Manifest.lock\" > /dev/null\nif [ $? != 0 ] ; then\n    # print error to STDERR\n    echo \"error: The sandbox is not in sync with the Podfile.lock. Run 'pod install' or update your CocoaPods installation.\" >&2\n    exit 1\nfi\n";
			showEnvVarsInLog = 0;
		};
		D8653B2A84F0EFC758EE0E48 /* [CP] Embed Pods Frameworks */ = {
			isa = PBXShellScriptBuildPhase;
			buildActionMask = 2147483647;
			files = (
			);
			inputPaths = (
			);
			name = "[CP] Embed Pods Frameworks";
			outputPaths = (
			);
			runOnlyForDeploymentPostprocessing = 0;
			shellPath = /bin/sh;
			shellScript = "\"${SRCROOT}/Pods/Target Support Files/Pods-Mechta/Pods-Mechta-frameworks.sh\"\n";
			showEnvVarsInLog = 0;
		};
/* End PBXShellScriptBuildPhase section */

/* Begin PBXSourcesBuildPhase section */
		4007C8951E4A32BA004D5E61 /* Sources */ = {
			isa = PBXSourcesBuildPhase;
			buildActionMask = 2147483647;
			files = (
				DBC2BE6F1E53687F0092527D /* BusStopsFacade.swift in Sources */,
				4007C8C21E4A3B54004D5E61 /* News+CoreDataProperties.swift in Sources */,
				40E9134C1E4A43D60024A6FB /* Constants.swift in Sources */,
				DBFE87641E5214C600F6321C /* BusStopListViewController.swift in Sources */,
				DBB2ECD11E4F9F1A00034B8B /* OfferCell.swift in Sources */,
				4007C8C81E4A3B54004D5E61 /* Notification+CoreDataProperties.swift in Sources */,
				DBB2ECCD1E4F9EF100034B8B /* NewsListViewController.swift in Sources */,
				DB0768C71E55C55C0058185D /* TransportMapFacade.swift in Sources */,
				DBB2ECDA1E4F9F6300034B8B /* NotificationListViewController.swift in Sources */,
				DBC6A6A01E50C0EF007203C5 /* SupportListViewController.swift in Sources */,
				DBB2ECCE1E4F9EF100034B8B /* NewsCell.swift in Sources */,
				DB0768C51E55C5500058185D /* TransportScheduleFacade.swift in Sources */,
				4007C8C31E4A3B54004D5E61 /* Offer+CoreDataClass.swift in Sources */,
				DBB2ECDC1E4F9F7100034B8B /* ServiceCell.swift in Sources */,
				DBBBE79C1E5396460072961A /* BusRouteFlightStop+CoreDataProperties.swift in Sources */,
				DBFE875D1E5214B600F6321C /* TransportMapViewController.swift in Sources */,
				DBD7D5D71E56BAE2000715CD /* PreferencesStorage.swift in Sources */,
				40E9134A1E4A41760024A6FB /* NetworkManager.swift in Sources */,
				DBFE87631E5214C600F6321C /* BusStopCell.swift in Sources */,
				DBB2ECF01E4FA99000034B8B /* TableViewMessageBackgroundView.swift in Sources */,
				DBB2ECFA1E4FAA2200034B8B /* NewsPagingViewController.swift in Sources */,
				DBFE87681E5214DA00F6321C /* TransportViewController.swift in Sources */,
				DBB2ECD61E4F9F3300034B8B /* ExcursionListViewController.swift in Sources */,
				DBBBE79E1E5396460072961A /* BusRouteFlight+CoreDataProperties.swift in Sources */,
				DBB2ECE51E4FA8E500034B8B /* SideMenuItemsViewController.swift in Sources */,
				DBB2ECEF1E4FA99000034B8B /* TableViewBackgroundsExtension.swift in Sources */,
				DBBBE7A21E5396A10072961A /* BusRoute+CoreDataClass.swift in Sources */,
				DBB2ECEB1E4FA98700034B8B /* PagingViewController.swift in Sources */,
				DBFE875E1E5214B600F6321C /* TransportScheduleViewController.swift in Sources */,
				4007C8C51E4A3B54004D5E61 /* Service+CoreDataClass.swift in Sources */,
				DBD693341E4BA144002816D3 /* OffersModel.swift in Sources */,
				DBC6A6A11E50C0EF007203C5 /* SupportItemCell.swift in Sources */,
				4007C8BF1E4A3B54004D5E61 /* Excursion+CoreDataClass.swift in Sources */,
				DBD693321E4BA0FF002816D3 /* ExcursionsModel.swift in Sources */,
				DBD693441E4BAC48002816D3 /* NotificationsFacade.swift in Sources */,
				4007C8C01E4A3B54004D5E61 /* Excursion+CoreDataProperties.swift in Sources */,
				DBB2ECD51E4F9F3300034B8B /* ExcursionCell.swift in Sources */,
				DBFE87601E5214B600F6321C /* CourseSelectionViewController.swift in Sources */,
				DBB2ECD91E4F9F6300034B8B /* NotificationCell.swift in Sources */,
				4007C89D1E4A32BA004D5E61 /* AppDelegate.swift in Sources */,
				DBBBE7A31E5396A10072961A /* BusRouteFlight+CoreDataClass.swift in Sources */,
				DBB2ED001E4FAA5400034B8B /* ServicesPagingController.swift in Sources */,
				DBD6933C1E4BAA97002816D3 /* NewsFacade.swift in Sources */,
				DBB2ECF71E4FA9DA00034B8B /* ColorExtension.swift in Sources */,
				DBD693381E4BA16A002816D3 /* NotificationsModel.swift in Sources */,
				DBD6933E1E4BAC16002816D3 /* ExcursionsFacade.swift in Sources */,
				DB081DF21E54170E003C38A9 /* TransportModel.swift in Sources */,
				4007C8C41E4A3B54004D5E61 /* Offer+CoreDataProperties.swift in Sources */,
				DBB2ECE41E4FA8E500034B8B /* SideMenuCoordinatorViewController.swift in Sources */,
				DBD693421E4BAC3C002816D3 /* ServicesFacade.swift in Sources */,
				DBFE87691E5214DA00F6321C /* TransportPagingViewController.swift in Sources */,
				DBB2ED011E4FAA5400034B8B /* ServiceListViewController.swift in Sources */,
				DBD693301E4BA090002816D3 /* AppModel.swift in Sources */,
				4007C8C71E4A3B54004D5E61 /* Notification+CoreDataClass.swift in Sources */,
				DBB2ECF81E4FA9DA00034B8B /* TableViewControllerExtension.swift in Sources */,
				DBBBE7A41E5396A10072961A /* BusRouteFlightStop+CoreDataClass.swift in Sources */,
				DBB2ECE91E4FA98100034B8B /* ImageViewWebExtension.swift in Sources */,
				DB0768C31E55C53F0058185D /* TransportNearestFacade.swift in Sources */,
				DBB2ECE71E4FA8E500034B8B /* MenuItem.swift in Sources */,
				DBB2ECF41E4FA9BA00034B8B /* Style.swift in Sources */,
				DBD693361E4BA159002816D3 /* ServicesModel.swift in Sources */,
				DB0768C11E55C3350058185D /* TransportRouteSelectionFacade.swift in Sources */,
				DBFE875F1E5214B600F6321C /* TransportNearestViewController.swift in Sources */,
				DBD6932E1E4BA019002816D3 /* NewsModel.swift in Sources */,
				DBC2BE6A1E5362F10092527D /* BusStop+CoreDataClass.swift in Sources */,
				4007C8B31E4A3556004D5E61 /* CoreDataManager.swift in Sources */,
				DBC6A69B1E50BEE8007203C5 /* SupportFacade.swift in Sources */,
				40E913451E4A3EEE0024A6FB /* DateExtensions.swift in Sources */,
				DBBBE79D1E5396460072961A /* BusRoute+CoreDataProperties.swift in Sources */,
				DBB2ECE61E4FA8E500034B8B /* MenuItemCell.swift in Sources */,
				4007C8C11E4A3B54004D5E61 /* News+CoreDataClass.swift in Sources */,
				DBB2ECD21E4F9F1A00034B8B /* OfferListViewController.swift in Sources */,
				DBBBE7981E5395620072961A /* BusStop+CoreDataProperties.swift in Sources */,
				4007C8C61E4A3B54004D5E61 /* Service+CoreDataProperties.swift in Sources */,
				DBD693401E4BAC31002816D3 /* OffersFacade.swift in Sources */,
				4007C8B11E4A3539004D5E61 /* Model.xcdatamodeld in Sources */,
			);
			runOnlyForDeploymentPostprocessing = 0;
		};
		DBD693191E4B9826002816D3 /* Sources */ = {
			isa = PBXSourcesBuildPhase;
			buildActionMask = 2147483647;
			files = (
				DBD693201E4B9826002816D3 /* MechtaTests.swift in Sources */,
			);
			runOnlyForDeploymentPostprocessing = 0;
		};
/* End PBXSourcesBuildPhase section */

/* Begin PBXTargetDependency section */
		DBD693231E4B9826002816D3 /* PBXTargetDependency */ = {
			isa = PBXTargetDependency;
			target = 4007C8981E4A32BA004D5E61 /* Mechta */;
			targetProxy = DBD693221E4B9826002816D3 /* PBXContainerItemProxy */;
		};
/* End PBXTargetDependency section */

/* Begin PBXVariantGroup section */
		4007C8A51E4A32BA004D5E61 /* LaunchScreen.storyboard */ = {
			isa = PBXVariantGroup;
			children = (
				4007C8A61E4A32BA004D5E61 /* Base */,
			);
			name = LaunchScreen.storyboard;
			sourceTree = "<group>";
		};
/* End PBXVariantGroup section */

/* Begin XCBuildConfiguration section */
		4007C8A91E4A32BA004D5E61 /* Debug */ = {
			isa = XCBuildConfiguration;
			buildSettings = {
				ALWAYS_SEARCH_USER_PATHS = NO;
				CLANG_ANALYZER_NONNULL = YES;
				CLANG_CXX_LANGUAGE_STANDARD = "gnu++0x";
				CLANG_CXX_LIBRARY = "libc++";
				CLANG_ENABLE_MODULES = YES;
				CLANG_ENABLE_OBJC_ARC = YES;
				CLANG_WARN_BOOL_CONVERSION = YES;
				CLANG_WARN_CONSTANT_CONVERSION = YES;
				CLANG_WARN_DIRECT_OBJC_ISA_USAGE = YES_ERROR;
				CLANG_WARN_DOCUMENTATION_COMMENTS = YES;
				CLANG_WARN_EMPTY_BODY = YES;
				CLANG_WARN_ENUM_CONVERSION = YES;
				CLANG_WARN_INFINITE_RECURSION = YES;
				CLANG_WARN_INT_CONVERSION = YES;
				CLANG_WARN_OBJC_ROOT_CLASS = YES_ERROR;
				CLANG_WARN_SUSPICIOUS_MOVE = YES;
				CLANG_WARN_UNREACHABLE_CODE = YES;
				CLANG_WARN__DUPLICATE_METHOD_MATCH = YES;
				"CODE_SIGN_IDENTITY[sdk=iphoneos*]" = "iPhone Developer";
				COPY_PHASE_STRIP = NO;
				DEBUG_INFORMATION_FORMAT = dwarf;
				ENABLE_STRICT_OBJC_MSGSEND = YES;
				ENABLE_TESTABILITY = YES;
				GCC_C_LANGUAGE_STANDARD = gnu99;
				GCC_DYNAMIC_NO_PIC = NO;
				GCC_NO_COMMON_BLOCKS = YES;
				GCC_OPTIMIZATION_LEVEL = 0;
				GCC_PREPROCESSOR_DEFINITIONS = (
					"DEBUG=1",
					"$(inherited)",
				);
				GCC_WARN_64_TO_32_BIT_CONVERSION = YES;
				GCC_WARN_ABOUT_RETURN_TYPE = YES_ERROR;
				GCC_WARN_UNDECLARED_SELECTOR = YES;
				GCC_WARN_UNINITIALIZED_AUTOS = YES_AGGRESSIVE;
				GCC_WARN_UNUSED_FUNCTION = YES;
				GCC_WARN_UNUSED_VARIABLE = YES;
				IPHONEOS_DEPLOYMENT_TARGET = 10.2;
				MTL_ENABLE_DEBUG_INFO = YES;
				ONLY_ACTIVE_ARCH = YES;
				SDKROOT = iphoneos;
				SWIFT_ACTIVE_COMPILATION_CONDITIONS = DEBUG;
				SWIFT_OPTIMIZATION_LEVEL = "-Onone";
				TARGETED_DEVICE_FAMILY = "1,2";
			};
			name = Debug;
		};
		4007C8AA1E4A32BA004D5E61 /* Release */ = {
			isa = XCBuildConfiguration;
			buildSettings = {
				ALWAYS_SEARCH_USER_PATHS = NO;
				CLANG_ANALYZER_NONNULL = YES;
				CLANG_CXX_LANGUAGE_STANDARD = "gnu++0x";
				CLANG_CXX_LIBRARY = "libc++";
				CLANG_ENABLE_MODULES = YES;
				CLANG_ENABLE_OBJC_ARC = YES;
				CLANG_WARN_BOOL_CONVERSION = YES;
				CLANG_WARN_CONSTANT_CONVERSION = YES;
				CLANG_WARN_DIRECT_OBJC_ISA_USAGE = YES_ERROR;
				CLANG_WARN_DOCUMENTATION_COMMENTS = YES;
				CLANG_WARN_EMPTY_BODY = YES;
				CLANG_WARN_ENUM_CONVERSION = YES;
				CLANG_WARN_INFINITE_RECURSION = YES;
				CLANG_WARN_INT_CONVERSION = YES;
				CLANG_WARN_OBJC_ROOT_CLASS = YES_ERROR;
				CLANG_WARN_SUSPICIOUS_MOVE = YES;
				CLANG_WARN_UNREACHABLE_CODE = YES;
				CLANG_WARN__DUPLICATE_METHOD_MATCH = YES;
				"CODE_SIGN_IDENTITY[sdk=iphoneos*]" = "iPhone Developer";
				COPY_PHASE_STRIP = NO;
				DEBUG_INFORMATION_FORMAT = "dwarf-with-dsym";
				ENABLE_NS_ASSERTIONS = NO;
				ENABLE_STRICT_OBJC_MSGSEND = YES;
				GCC_C_LANGUAGE_STANDARD = gnu99;
				GCC_NO_COMMON_BLOCKS = YES;
				GCC_WARN_64_TO_32_BIT_CONVERSION = YES;
				GCC_WARN_ABOUT_RETURN_TYPE = YES_ERROR;
				GCC_WARN_UNDECLARED_SELECTOR = YES;
				GCC_WARN_UNINITIALIZED_AUTOS = YES_AGGRESSIVE;
				GCC_WARN_UNUSED_FUNCTION = YES;
				GCC_WARN_UNUSED_VARIABLE = YES;
				IPHONEOS_DEPLOYMENT_TARGET = 10.2;
				MTL_ENABLE_DEBUG_INFO = NO;
				SDKROOT = iphoneos;
				SWIFT_OPTIMIZATION_LEVEL = "-Owholemodule";
				TARGETED_DEVICE_FAMILY = "1,2";
				VALIDATE_PRODUCT = YES;
			};
			name = Release;
		};
		4007C8AC1E4A32BA004D5E61 /* Debug */ = {
			isa = XCBuildConfiguration;
			baseConfigurationReference = D649FFB7BA989386BE5875D9 /* Pods-Mechta.debug.xcconfig */;
			buildSettings = {
				ASSETCATALOG_COMPILER_APPICON_NAME = AppIcon;
				"CODE_SIGN_IDENTITY[sdk=iphoneos*]" = "iPhone Developer";
				DEVELOPMENT_TEAM = M8NLKHKFZX;
				INFOPLIST_FILE = Mechta/Info.plist;
				IPHONEOS_DEPLOYMENT_TARGET = 8.0;
				LD_RUNPATH_SEARCH_PATHS = "$(inherited) @executable_path/Frameworks";
				PRODUCT_BUNDLE_IDENTIFIER = ru.mechta.MechtaCD;
				PRODUCT_NAME = "$(TARGET_NAME)";
				SWIFT_VERSION = 3.0;
			};
			name = Debug;
		};
		4007C8AD1E4A32BA004D5E61 /* Release */ = {
			isa = XCBuildConfiguration;
			baseConfigurationReference = FF624B24E3E8F6ADDD734BF4 /* Pods-Mechta.release.xcconfig */;
			buildSettings = {
				ASSETCATALOG_COMPILER_APPICON_NAME = AppIcon;
				"CODE_SIGN_IDENTITY[sdk=iphoneos*]" = "iPhone Developer";
				DEVELOPMENT_TEAM = M8NLKHKFZX;
				INFOPLIST_FILE = Mechta/Info.plist;
				IPHONEOS_DEPLOYMENT_TARGET = 8.0;
				LD_RUNPATH_SEARCH_PATHS = "$(inherited) @executable_path/Frameworks";
				PRODUCT_BUNDLE_IDENTIFIER = ru.mechta.MechtaCD;
				PRODUCT_NAME = "$(TARGET_NAME)";
				SWIFT_VERSION = 3.0;
			};
			name = Release;
		};
		DBD693251E4B9826002816D3 /* Debug */ = {
			isa = XCBuildConfiguration;
			baseConfigurationReference = F152E5B50BF61CDEFFBF1EF4 /* Pods-MechtaTests.debug.xcconfig */;
			buildSettings = {
				BUNDLE_LOADER = "$(TEST_HOST)";
				DEVELOPMENT_TEAM = RC4QVH37T6;
				INFOPLIST_FILE = MechtaTests/Info.plist;
				LD_RUNPATH_SEARCH_PATHS = "$(inherited) @executable_path/Frameworks @loader_path/Frameworks";
				PRODUCT_BUNDLE_IDENTIFIER = ru.mechta.MechtaTests;
				PRODUCT_NAME = "$(TARGET_NAME)";
				SWIFT_VERSION = 3.0;
				TEST_HOST = "$(BUILT_PRODUCTS_DIR)/Mechta.app/Mechta";
			};
			name = Debug;
		};
		DBD693261E4B9826002816D3 /* Release */ = {
			isa = XCBuildConfiguration;
			baseConfigurationReference = 192C20B96CC8966501A28BF5 /* Pods-MechtaTests.release.xcconfig */;
			buildSettings = {
				BUNDLE_LOADER = "$(TEST_HOST)";
				DEVELOPMENT_TEAM = RC4QVH37T6;
				INFOPLIST_FILE = MechtaTests/Info.plist;
				LD_RUNPATH_SEARCH_PATHS = "$(inherited) @executable_path/Frameworks @loader_path/Frameworks";
				PRODUCT_BUNDLE_IDENTIFIER = ru.mechta.MechtaTests;
				PRODUCT_NAME = "$(TARGET_NAME)";
				SWIFT_VERSION = 3.0;
				TEST_HOST = "$(BUILT_PRODUCTS_DIR)/Mechta.app/Mechta";
			};
			name = Release;
		};
/* End XCBuildConfiguration section */

/* Begin XCConfigurationList section */
		4007C8941E4A32BA004D5E61 /* Build configuration list for PBXProject "Mechta" */ = {
			isa = XCConfigurationList;
			buildConfigurations = (
				4007C8A91E4A32BA004D5E61 /* Debug */,
				4007C8AA1E4A32BA004D5E61 /* Release */,
			);
			defaultConfigurationIsVisible = 0;
			defaultConfigurationName = Release;
		};
		4007C8AB1E4A32BA004D5E61 /* Build configuration list for PBXNativeTarget "Mechta" */ = {
			isa = XCConfigurationList;
			buildConfigurations = (
				4007C8AC1E4A32BA004D5E61 /* Debug */,
				4007C8AD1E4A32BA004D5E61 /* Release */,
			);
			defaultConfigurationIsVisible = 0;
			defaultConfigurationName = Release;
		};
		DBD693241E4B9826002816D3 /* Build configuration list for PBXNativeTarget "MechtaTests" */ = {
			isa = XCConfigurationList;
			buildConfigurations = (
				DBD693251E4B9826002816D3 /* Debug */,
				DBD693261E4B9826002816D3 /* Release */,
			);
			defaultConfigurationIsVisible = 0;
			defaultConfigurationName = Release;
		};
/* End XCConfigurationList section */

/* Begin XCVersionGroup section */
		4007C8AF1E4A3539004D5E61 /* Model.xcdatamodeld */ = {
			isa = XCVersionGroup;
			children = (
				4007C8B01E4A3539004D5E61 /* Model.xcdatamodel */,
			);
			currentVersion = 4007C8B01E4A3539004D5E61 /* Model.xcdatamodel */;
			path = Model.xcdatamodeld;
			sourceTree = "<group>";
			versionGroupType = wrapper.xcdatamodel;
		};
/* End XCVersionGroup section */
	};
	rootObject = 4007C8911E4A32BA004D5E61 /* Project object */;
}
